// !$*UTF8*$!
{
	archiveVersion = 1;
	classes = {
	};
	objectVersion = 48;
	objects = {

/* Begin PBXBuildFile section */
		7A07FB111FD81C7600696ED1 /* AppDelegate.swift in Sources */ = {isa = PBXBuildFile; fileRef = 7A07FB101FD81C7600696ED1 /* AppDelegate.swift */; };
		7A07FB131FD81C7600696ED1 /* ViewController.swift in Sources */ = {isa = PBXBuildFile; fileRef = 7A07FB121FD81C7600696ED1 /* ViewController.swift */; };
		7A07FB161FD81C7600696ED1 /* Main.storyboard in Resources */ = {isa = PBXBuildFile; fileRef = 7A07FB141FD81C7600696ED1 /* Main.storyboard */; };
		7A07FB181FD81C7600696ED1 /* Assets.xcassets in Resources */ = {isa = PBXBuildFile; fileRef = 7A07FB171FD81C7600696ED1 /* Assets.xcassets */; };
		7A07FB1B1FD81C7600696ED1 /* LaunchScreen.storyboard in Resources */ = {isa = PBXBuildFile; fileRef = 7A07FB191FD81C7600696ED1 /* LaunchScreen.storyboard */; };
		7A376E981FD9EF15004543A1 /* SearchViewController.swift in Sources */ = {isa = PBXBuildFile; fileRef = 7A376E971FD9EF15004543A1 /* SearchViewController.swift */; };
		7A376E9C1FD9EF7A004543A1 /* HourViewController.swift in Sources */ = {isa = PBXBuildFile; fileRef = 7A376E9B1FD9EF7A004543A1 /* HourViewController.swift */; };
		7A694E781FDEA3E20030BF0C /* Weather.swift in Sources */ = {isa = PBXBuildFile; fileRef = 7A694E771FDEA3E10030BF0C /* Weather.swift */; };
		7A694E7C1FDEC3510030BF0C /* Protocol.swift in Sources */ = {isa = PBXBuildFile; fileRef = 7A694E7B1FDEC3510030BF0C /* Protocol.swift */; };
		7A694E7E1FDEDA5C0030BF0C /* City.swift in Sources */ = {isa = PBXBuildFile; fileRef = 7A694E7D1FDEDA5C0030BF0C /* City.swift */; };
		7A694E821FDFC4650030BF0C /* CustomTableViewCell.swift in Sources */ = {isa = PBXBuildFile; fileRef = 7A694E811FDFC4650030BF0C /* CustomTableViewCell.swift */; };
		7A86A8D91FE0285E002594A1 /* WorkSans-Black.ttf in Resources */ = {isa = PBXBuildFile; fileRef = 7A86A8D51FE02848002594A1 /* WorkSans-Black.ttf */; };
		7A86A8DA1FE02865002594A1 /* WorkSans-ExtraBold.ttf in Resources */ = {isa = PBXBuildFile; fileRef = 7A86A8D31FE02847002594A1 /* WorkSans-ExtraBold.ttf */; };
		7A86A8DB1FE02865002594A1 /* WorkSans-ExtraLight.ttf in Resources */ = {isa = PBXBuildFile; fileRef = 7A86A8D81FE02848002594A1 /* WorkSans-ExtraLight.ttf */; };
		7A86A8DC1FE02865002594A1 /* WorkSans-Light.ttf in Resources */ = {isa = PBXBuildFile; fileRef = 7A86A8D71FE02848002594A1 /* WorkSans-Light.ttf */; };
		7A86A8DD1FE02865002594A1 /* WorkSans-Medium.ttf in Resources */ = {isa = PBXBuildFile; fileRef = 7A86A8D11FE02847002594A1 /* WorkSans-Medium.ttf */; };
		7A86A8DE1FE02865002594A1 /* WorkSans-Regular.ttf in Resources */ = {isa = PBXBuildFile; fileRef = 7A86A8D21FE02847002594A1 /* WorkSans-Regular.ttf */; };
		7A86A8DF1FE02865002594A1 /* WorkSans-SemiBold.ttf in Resources */ = {isa = PBXBuildFile; fileRef = 7A86A8D61FE02848002594A1 /* WorkSans-SemiBold.ttf */; };
		7A86A8E01FE02865002594A1 /* WorkSans-Thin.ttf in Resources */ = {isa = PBXBuildFile; fileRef = 7A86A8D01FE02847002594A1 /* WorkSans-Thin.ttf */; };
		7AA1F29B1FF3CFE40094F544 /* CustomNavigationController.swift in Sources */ = {isa = PBXBuildFile; fileRef = 7AA1F29A1FF3CFE40094F544 /* CustomNavigationController.swift */; };
		7AD0825E1FE3B13D001E5E23 /* Days.swift in Sources */ = {isa = PBXBuildFile; fileRef = 7AD0825D1FE3B13D001E5E23 /* Days.swift */; };
		862A7BD19954B29C2814F60B /* Pods_WeatherApp.framework in Frameworks */ = {isa = PBXBuildFile; fileRef = 226FB3D25A42E3BA0502BC66 /* Pods_WeatherApp.framework */; };
/* End PBXBuildFile section */

/* Begin PBXFileReference section */
		226FB3D25A42E3BA0502BC66 /* Pods_WeatherApp.framework */ = {isa = PBXFileReference; explicitFileType = wrapper.framework; includeInIndex = 0; path = Pods_WeatherApp.framework; sourceTree = BUILT_PRODUCTS_DIR; };
		7A07FB0D1FD81C7600696ED1 /* WeatherApp.app */ = {isa = PBXFileReference; explicitFileType = wrapper.application; includeInIndex = 0; path = WeatherApp.app; sourceTree = BUILT_PRODUCTS_DIR; };
		7A07FB101FD81C7600696ED1 /* AppDelegate.swift */ = {isa = PBXFileReference; lastKnownFileType = sourcecode.swift; path = AppDelegate.swift; sourceTree = "<group>"; };
		7A07FB121FD81C7600696ED1 /* ViewController.swift */ = {isa = PBXFileReference; lastKnownFileType = sourcecode.swift; path = ViewController.swift; sourceTree = "<group>"; };
		7A07FB151FD81C7600696ED1 /* Base */ = {isa = PBXFileReference; lastKnownFileType = file.storyboard; name = Base; path = Base.lproj/Main.storyboard; sourceTree = "<group>"; };
		7A07FB171FD81C7600696ED1 /* Assets.xcassets */ = {isa = PBXFileReference; lastKnownFileType = folder.assetcatalog; path = Assets.xcassets; sourceTree = "<group>"; };
		7A07FB1A1FD81C7600696ED1 /* Base */ = {isa = PBXFileReference; lastKnownFileType = file.storyboard; name = Base; path = Base.lproj/LaunchScreen.storyboard; sourceTree = "<group>"; };
		7A07FB1C1FD81C7600696ED1 /* Info.plist */ = {isa = PBXFileReference; lastKnownFileType = text.plist.xml; path = Info.plist; sourceTree = "<group>"; };
		7A376E971FD9EF15004543A1 /* SearchViewController.swift */ = {isa = PBXFileReference; fileEncoding = 4; lastKnownFileType = sourcecode.swift; path = SearchViewController.swift; sourceTree = "<group>"; };
		7A376E9B1FD9EF7A004543A1 /* HourViewController.swift */ = {isa = PBXFileReference; fileEncoding = 4; lastKnownFileType = sourcecode.swift; path = HourViewController.swift; sourceTree = "<group>"; };
		7A694E771FDEA3E10030BF0C /* Weather.swift */ = {isa = PBXFileReference; lastKnownFileType = sourcecode.swift; path = Weather.swift; sourceTree = "<group>"; };
		7A694E7B1FDEC3510030BF0C /* Protocol.swift */ = {isa = PBXFileReference; lastKnownFileType = sourcecode.swift; path = Protocol.swift; sourceTree = "<group>"; };
		7A694E7D1FDEDA5C0030BF0C /* City.swift */ = {isa = PBXFileReference; lastKnownFileType = sourcecode.swift; path = City.swift; sourceTree = "<group>"; };
		7A694E811FDFC4650030BF0C /* CustomTableViewCell.swift */ = {isa = PBXFileReference; lastKnownFileType = sourcecode.swift; path = CustomTableViewCell.swift; sourceTree = "<group>"; };
		7A86A8D01FE02847002594A1 /* WorkSans-Thin.ttf */ = {isa = PBXFileReference; lastKnownFileType = file; path = "WorkSans-Thin.ttf"; sourceTree = "<group>"; };
		7A86A8D11FE02847002594A1 /* WorkSans-Medium.ttf */ = {isa = PBXFileReference; lastKnownFileType = file; path = "WorkSans-Medium.ttf"; sourceTree = "<group>"; };
		7A86A8D21FE02847002594A1 /* WorkSans-Regular.ttf */ = {isa = PBXFileReference; lastKnownFileType = file; path = "WorkSans-Regular.ttf"; sourceTree = "<group>"; };
		7A86A8D31FE02847002594A1 /* WorkSans-ExtraBold.ttf */ = {isa = PBXFileReference; lastKnownFileType = file; path = "WorkSans-ExtraBold.ttf"; sourceTree = "<group>"; };
		7A86A8D41FE02847002594A1 /* WorkSans-Bold.ttf */ = {isa = PBXFileReference; lastKnownFileType = file; path = "WorkSans-Bold.ttf"; sourceTree = "<group>"; };
		7A86A8D51FE02848002594A1 /* WorkSans-Black.ttf */ = {isa = PBXFileReference; lastKnownFileType = file; path = "WorkSans-Black.ttf"; sourceTree = "<group>"; };
		7A86A8D61FE02848002594A1 /* WorkSans-SemiBold.ttf */ = {isa = PBXFileReference; lastKnownFileType = file; path = "WorkSans-SemiBold.ttf"; sourceTree = "<group>"; };
		7A86A8D71FE02848002594A1 /* WorkSans-Light.ttf */ = {isa = PBXFileReference; lastKnownFileType = file; path = "WorkSans-Light.ttf"; sourceTree = "<group>"; };
		7A86A8D81FE02848002594A1 /* WorkSans-ExtraLight.ttf */ = {isa = PBXFileReference; lastKnownFileType = file; path = "WorkSans-ExtraLight.ttf"; sourceTree = "<group>"; };
		7AA1F29A1FF3CFE40094F544 /* CustomNavigationController.swift */ = {isa = PBXFileReference; lastKnownFileType = sourcecode.swift; path = CustomNavigationController.swift; sourceTree = "<group>"; };
		7AD0825D1FE3B13D001E5E23 /* Days.swift */ = {isa = PBXFileReference; lastKnownFileType = sourcecode.swift; path = Days.swift; sourceTree = "<group>"; };
		A6F4055EDEDDB07CB7E5FC8F /* Pods-WeatherApp.release.xcconfig */ = {isa = PBXFileReference; includeInIndex = 1; lastKnownFileType = text.xcconfig; name = "Pods-WeatherApp.release.xcconfig"; path = "Pods/Target Support Files/Pods-WeatherApp/Pods-WeatherApp.release.xcconfig"; sourceTree = "<group>"; };
		D28D73957BCA90867E0040A8 /* Pods-WeatherApp.debug.xcconfig */ = {isa = PBXFileReference; includeInIndex = 1; lastKnownFileType = text.xcconfig; name = "Pods-WeatherApp.debug.xcconfig"; path = "Pods/Target Support Files/Pods-WeatherApp/Pods-WeatherApp.debug.xcconfig"; sourceTree = "<group>"; };
/* End PBXFileReference section */

/* Begin PBXFrameworksBuildPhase section */
		7A07FB0A1FD81C7600696ED1 /* Frameworks */ = {
			isa = PBXFrameworksBuildPhase;
			buildActionMask = 2147483647;
			files = (
				862A7BD19954B29C2814F60B /* Pods_WeatherApp.framework in Frameworks */,
			);
			runOnlyForDeploymentPostprocessing = 0;
		};
/* End PBXFrameworksBuildPhase section */

/* Begin PBXGroup section */
		7A07FB041FD81C7600696ED1 = {
			isa = PBXGroup;
			children = (
				7A694E811FDFC4650030BF0C /* CustomTableViewCell.swift */,
				7A694E7B1FDEC3510030BF0C /* Protocol.swift */,
				7A694E761FDEA39A0030BF0C /* Model */,
				7A07FB0F1FD81C7600696ED1 /* WeatherApp */,
				7A07FB0E1FD81C7600696ED1 /* Products */,
				A16C89F1D25A1C07436DF0CD /* Pods */,
				87BA6F81655DB1DE416DED2F /* Frameworks */,
			);
			sourceTree = "<group>";
		};
		7A07FB0E1FD81C7600696ED1 /* Products */ = {
			isa = PBXGroup;
			children = (
				7A07FB0D1FD81C7600696ED1 /* WeatherApp.app */,
			);
			name = Products;
			sourceTree = "<group>";
		};
		7A07FB0F1FD81C7600696ED1 /* WeatherApp */ = {
			isa = PBXGroup;
			children = (
				7A07FB101FD81C7600696ED1 /* AppDelegate.swift */,
				7A07FB121FD81C7600696ED1 /* ViewController.swift */,
				7A07FB141FD81C7600696ED1 /* Main.storyboard */,
				7AA1F29A1FF3CFE40094F544 /* CustomNavigationController.swift */,
				7A07FB171FD81C7600696ED1 /* Assets.xcassets */,
				7A07FB191FD81C7600696ED1 /* LaunchScreen.storyboard */,
				7A376E971FD9EF15004543A1 /* SearchViewController.swift */,
				7A376E9B1FD9EF7A004543A1 /* HourViewController.swift */,
				7A07FB1C1FD81C7600696ED1 /* Info.plist */,
				7A86A8D51FE02848002594A1 /* WorkSans-Black.ttf */,
				7A86A8D41FE02847002594A1 /* WorkSans-Bold.ttf */,
				7A86A8D31FE02847002594A1 /* WorkSans-ExtraBold.ttf */,
				7A86A8D81FE02848002594A1 /* WorkSans-ExtraLight.ttf */,
				7A86A8D71FE02848002594A1 /* WorkSans-Light.ttf */,
				7A86A8D11FE02847002594A1 /* WorkSans-Medium.ttf */,
				7A86A8D21FE02847002594A1 /* WorkSans-Regular.ttf */,
				7A86A8D61FE02848002594A1 /* WorkSans-SemiBold.ttf */,
				7A86A8D01FE02847002594A1 /* WorkSans-Thin.ttf */,
			);
			path = WeatherApp;
			sourceTree = "<group>";
		};
		7A694E761FDEA39A0030BF0C /* Model */ = {
			isa = PBXGroup;
			children = (
				7A694E7D1FDEDA5C0030BF0C /* City.swift */,
				7A694E771FDEA3E10030BF0C /* Weather.swift */,
				7AD0825D1FE3B13D001E5E23 /* Days.swift */,
			);
			path = Model;
			sourceTree = "<group>";
		};
		87BA6F81655DB1DE416DED2F /* Frameworks */ = {
			isa = PBXGroup;
			children = (
				226FB3D25A42E3BA0502BC66 /* Pods_WeatherApp.framework */,
			);
			name = Frameworks;
			sourceTree = "<group>";
		};
		A16C89F1D25A1C07436DF0CD /* Pods */ = {
			isa = PBXGroup;
			children = (
				D28D73957BCA90867E0040A8 /* Pods-WeatherApp.debug.xcconfig */,
				A6F4055EDEDDB07CB7E5FC8F /* Pods-WeatherApp.release.xcconfig */,
			);
			name = Pods;
			sourceTree = "<group>";
		};
/* End PBXGroup section */

/* Begin PBXNativeTarget section */
		7A07FB0C1FD81C7600696ED1 /* WeatherApp */ = {
			isa = PBXNativeTarget;
			buildConfigurationList = 7A07FB1F1FD81C7600696ED1 /* Build configuration list for PBXNativeTarget "WeatherApp" */;
			buildPhases = (
				6D6A6B5E52993EE351B19B08 /* [CP] Check Pods Manifest.lock */,
				7A07FB091FD81C7600696ED1 /* Sources */,
				7A07FB0A1FD81C7600696ED1 /* Frameworks */,
				7A07FB0B1FD81C7600696ED1 /* Resources */,
				6E39CE7BBC507B2F6F755DE3 /* [CP] Embed Pods Frameworks */,
				323A3BC24DA3EEAEDCE9EA1A /* [CP] Copy Pods Resources */,
			);
			buildRules = (
			);
			dependencies = (
			);
			name = WeatherApp;
			productName = WeatherApp;
			productReference = 7A07FB0D1FD81C7600696ED1 /* WeatherApp.app */;
			productType = "com.apple.product-type.application";
		};
/* End PBXNativeTarget section */

/* Begin PBXProject section */
		7A07FB051FD81C7600696ED1 /* Project object */ = {
			isa = PBXProject;
			attributes = {
				LastSwiftUpdateCheck = 0920;
				LastUpgradeCheck = 0920;
				ORGANIZATIONNAME = "Emma Klint";
				TargetAttributes = {
					7A07FB0C1FD81C7600696ED1 = {
						CreatedOnToolsVersion = 9.2;
						ProvisioningStyle = Automatic;
					};
				};
			};
			buildConfigurationList = 7A07FB081FD81C7600696ED1 /* Build configuration list for PBXProject "WeatherApp" */;
			compatibilityVersion = "Xcode 8.0";
			developmentRegion = en;
			hasScannedForEncodings = 0;
			knownRegions = (
				en,
				Base,
			);
			mainGroup = 7A07FB041FD81C7600696ED1;
			productRefGroup = 7A07FB0E1FD81C7600696ED1 /* Products */;
			projectDirPath = "";
			projectRoot = "";
			targets = (
				7A07FB0C1FD81C7600696ED1 /* WeatherApp */,
			);
		};
/* End PBXProject section */

/* Begin PBXResourcesBuildPhase section */
		7A07FB0B1FD81C7600696ED1 /* Resources */ = {
			isa = PBXResourcesBuildPhase;
			buildActionMask = 2147483647;
			files = (
				7A86A8DA1FE02865002594A1 /* WorkSans-ExtraBold.ttf in Resources */,
				7A86A8DB1FE02865002594A1 /* WorkSans-ExtraLight.ttf in Resources */,
				7A86A8DC1FE02865002594A1 /* WorkSans-Light.ttf in Resources */,
				7A86A8DD1FE02865002594A1 /* WorkSans-Medium.ttf in Resources */,
				7A86A8DE1FE02865002594A1 /* WorkSans-Regular.ttf in Resources */,
				7A86A8DF1FE02865002594A1 /* WorkSans-SemiBold.ttf in Resources */,
				7A86A8E01FE02865002594A1 /* WorkSans-Thin.ttf in Resources */,
				7A86A8D91FE0285E002594A1 /* WorkSans-Black.ttf in Resources */,
				7A07FB1B1FD81C7600696ED1 /* LaunchScreen.storyboard in Resources */,
				7A07FB181FD81C7600696ED1 /* Assets.xcassets in Resources */,
				7A07FB161FD81C7600696ED1 /* Main.storyboard in Resources */,
			);
			runOnlyForDeploymentPostprocessing = 0;
		};
/* End PBXResourcesBuildPhase section */

/* Begin PBXShellScriptBuildPhase section */
		323A3BC24DA3EEAEDCE9EA1A /* [CP] Copy Pods Resources */ = {
			isa = PBXShellScriptBuildPhase;
			buildActionMask = 2147483647;
			files = (
			);
			inputPaths = (
			);
			name = "[CP] Copy Pods Resources";
			outputPaths = (
			);
			runOnlyForDeploymentPostprocessing = 0;
			shellPath = /bin/sh;
			shellScript = "\"${SRCROOT}/Pods/Target Support Files/Pods-WeatherApp/Pods-WeatherApp-resources.sh\"\n";
			showEnvVarsInLog = 0;
		};
		6D6A6B5E52993EE351B19B08 /* [CP] Check Pods Manifest.lock */ = {
			isa = PBXShellScriptBuildPhase;
			buildActionMask = 2147483647;
			files = (
			);
			inputPaths = (
				"${PODS_PODFILE_DIR_PATH}/Podfile.lock",
				"${PODS_ROOT}/Manifest.lock",
			);
			name = "[CP] Check Pods Manifest.lock";
			outputPaths = (
				"$(DERIVED_FILE_DIR)/Pods-WeatherApp-checkManifestLockResult.txt",
			);
			runOnlyForDeploymentPostprocessing = 0;
			shellPath = /bin/sh;
			shellScript = "diff \"${PODS_PODFILE_DIR_PATH}/Podfile.lock\" \"${PODS_ROOT}/Manifest.lock\" > /dev/null\nif [ $? != 0 ] ; then\n    # print error to STDERR\n    echo \"error: The sandbox is not in sync with the Podfile.lock. Run 'pod install' or update your CocoaPods installation.\" >&2\n    exit 1\nfi\n# This output is used by Xcode 'outputs' to avoid re-running this script phase.\necho \"SUCCESS\" > \"${SCRIPT_OUTPUT_FILE_0}\"\n";
			showEnvVarsInLog = 0;
		};
		6E39CE7BBC507B2F6F755DE3 /* [CP] Embed Pods Frameworks */ = {
			isa = PBXShellScriptBuildPhase;
			buildActionMask = 2147483647;
			files = (
			);
			inputPaths = (
				"${SRCROOT}/Pods/Target Support Files/Pods-WeatherApp/Pods-WeatherApp-frameworks.sh",
				"${BUILT_PRODUCTS_DIR}/Alamofire/Alamofire.framework",
				"${BUILT_PRODUCTS_DIR}/SwiftSky/SwiftSky.framework",
			);
			name = "[CP] Embed Pods Frameworks";
			outputPaths = (
				"${TARGET_BUILD_DIR}/${FRAMEWORKS_FOLDER_PATH}/Alamofire.framework",
				"${TARGET_BUILD_DIR}/${FRAMEWORKS_FOLDER_PATH}/SwiftSky.framework",
			);
			runOnlyForDeploymentPostprocessing = 0;
			shellPath = /bin/sh;
			shellScript = "\"${SRCROOT}/Pods/Target Support Files/Pods-WeatherApp/Pods-WeatherApp-frameworks.sh\"\n";
			showEnvVarsInLog = 0;
		};
/* End PBXShellScriptBuildPhase section */

/* Begin PBXSourcesBuildPhase section */
		7A07FB091FD81C7600696ED1 /* Sources */ = {
			isa = PBXSourcesBuildPhase;
			buildActionMask = 2147483647;
			files = (
				7A376E9C1FD9EF7A004543A1 /* HourViewController.swift in Sources */,
				7A07FB131FD81C7600696ED1 /* ViewController.swift in Sources */,
				7A694E821FDFC4650030BF0C /* CustomTableViewCell.swift in Sources */,
				7A07FB111FD81C7600696ED1 /* AppDelegate.swift in Sources */,
				7A694E7C1FDEC3510030BF0C /* Protocol.swift in Sources */,
				7A376E981FD9EF15004543A1 /* SearchViewController.swift in Sources */,
				7AA1F29B1FF3CFE40094F544 /* CustomNavigationController.swift in Sources */,
				7A694E7E1FDEDA5C0030BF0C /* City.swift in Sources */,
				7AD0825E1FE3B13D001E5E23 /* Days.swift in Sources */,
				7A694E781FDEA3E20030BF0C /* Weather.swift in Sources */,
			);
			runOnlyForDeploymentPostprocessing = 0;
		};
/* End PBXSourcesBuildPhase section */

/* Begin PBXVariantGroup section */
		7A07FB141FD81C7600696ED1 /* Main.storyboard */ = {
			isa = PBXVariantGroup;
			children = (
				7A07FB151FD81C7600696ED1 /* Base */,
			);
			name = Main.storyboard;
			sourceTree = "<group>";
		};
		7A07FB191FD81C7600696ED1 /* LaunchScreen.storyboard */ = {
			isa = PBXVariantGroup;
			children = (
				7A07FB1A1FD81C7600696ED1 /* Base */,
			);
			name = LaunchScreen.storyboard;
			sourceTree = "<group>";
		};
/* End PBXVariantGroup section */

/* Begin XCBuildConfiguration section */
		7A07FB1D1FD81C7600696ED1 /* Debug */ = {
			isa = XCBuildConfiguration;
			buildSettings = {
				ALWAYS_SEARCH_USER_PATHS = NO;
				CLANG_ANALYZER_NONNULL = YES;
				CLANG_ANALYZER_NUMBER_OBJECT_CONVERSION = YES_AGGRESSIVE;
				CLANG_CXX_LANGUAGE_STANDARD = "gnu++14";
				CLANG_CXX_LIBRARY = "libc++";
				CLANG_ENABLE_MODULES = YES;
				CLANG_ENABLE_OBJC_ARC = YES;
				CLANG_WARN_BLOCK_CAPTURE_AUTORELEASING = YES;
				CLANG_WARN_BOOL_CONVERSION = YES;
				CLANG_WARN_COMMA = YES;
				CLANG_WARN_CONSTANT_CONVERSION = YES;
				CLANG_WARN_DIRECT_OBJC_ISA_USAGE = YES_ERROR;
				CLANG_WARN_DOCUMENTATION_COMMENTS = YES;
				CLANG_WARN_EMPTY_BODY = YES;
				CLANG_WARN_ENUM_CONVERSION = YES;
				CLANG_WARN_INFINITE_RECURSION = YES;
				CLANG_WARN_INT_CONVERSION = YES;
				CLANG_WARN_NON_LITERAL_NULL_CONVERSION = YES;
				CLANG_WARN_OBJC_LITERAL_CONVERSION = YES;
				CLANG_WARN_OBJC_ROOT_CLASS = YES_ERROR;
				CLANG_WARN_RANGE_LOOP_ANALYSIS = YES;
				CLANG_WARN_STRICT_PROTOTYPES = YES;
				CLANG_WARN_SUSPICIOUS_MOVE = YES;
				CLANG_WARN_UNGUARDED_AVAILABILITY = YES_AGGRESSIVE;
				CLANG_WARN_UNREACHABLE_CODE = YES;
				CLANG_WARN__DUPLICATE_METHOD_MATCH = YES;
				CODE_SIGN_IDENTITY = "iPhone Developer";
				COPY_PHASE_STRIP = NO;
				DEBUG_INFORMATION_FORMAT = dwarf;
				ENABLE_STRICT_OBJC_MSGSEND = YES;
				ENABLE_TESTABILITY = YES;
				GCC_C_LANGUAGE_STANDARD = gnu11;
				GCC_DYNAMIC_NO_PIC = NO;
				GCC_NO_COMMON_BLOCKS = YES;
				GCC_OPTIMIZATION_LEVEL = 0;
				GCC_PREPROCESSOR_DEFINITIONS = (
					"DEBUG=1",
					"$(inherited)",
				);
				GCC_WARN_64_TO_32_BIT_CONVERSION = YES;
				GCC_WARN_ABOUT_RETURN_TYPE = YES_ERROR;
				GCC_WARN_UNDECLARED_SELECTOR = YES;
				GCC_WARN_UNINITIALIZED_AUTOS = YES_AGGRESSIVE;
				GCC_WARN_UNUSED_FUNCTION = YES;
				GCC_WARN_UNUSED_VARIABLE = YES;
				IPHONEOS_DEPLOYMENT_TARGET = 11.2;
				MTL_ENABLE_DEBUG_INFO = YES;
				ONLY_ACTIVE_ARCH = YES;
				SDKROOT = iphoneos;
				SWIFT_ACTIVE_COMPILATION_CONDITIONS = DEBUG;
				SWIFT_OPTIMIZATION_LEVEL = "-Onone";
			};
			name = Debug;
		};
		7A07FB1E1FD81C7600696ED1 /* Release */ = {
			isa = XCBuildConfiguration;
			buildSettings = {
				ALWAYS_SEARCH_USER_PATHS = NO;
				CLANG_ANALYZER_NONNULL = YES;
				CLANG_ANALYZER_NUMBER_OBJECT_CONVERSION = YES_AGGRESSIVE;
				CLANG_CXX_LANGUAGE_STANDARD = "gnu++14";
				CLANG_CXX_LIBRARY = "libc++";
				CLANG_ENABLE_MODULES = YES;
				CLANG_ENABLE_OBJC_ARC = YES;
				CLANG_WARN_BLOCK_CAPTURE_AUTORELEASING = YES;
				CLANG_WARN_BOOL_CONVERSION = YES;
				CLANG_WARN_COMMA = YES;
				CLANG_WARN_CONSTANT_CONVERSION = YES;
				CLANG_WARN_DIRECT_OBJC_ISA_USAGE = YES_ERROR;
				CLANG_WARN_DOCUMENTATION_COMMENTS = YES;
				CLANG_WARN_EMPTY_BODY = YES;
				CLANG_WARN_ENUM_CONVERSION = YES;
				CLANG_WARN_INFINITE_RECURSION = YES;
				CLANG_WARN_INT_CONVERSION = YES;
				CLANG_WARN_NON_LITERAL_NULL_CONVERSION = YES;
				CLANG_WARN_OBJC_LITERAL_CONVERSION = YES;
				CLANG_WARN_OBJC_ROOT_CLASS = YES_ERROR;
				CLANG_WARN_RANGE_LOOP_ANALYSIS = YES;
				CLANG_WARN_STRICT_PROTOTYPES = YES;
				CLANG_WARN_SUSPICIOUS_MOVE = YES;
				CLANG_WARN_UNGUARDED_AVAILABILITY = YES_AGGRESSIVE;
				CLANG_WARN_UNREACHABLE_CODE = YES;
				CLANG_WARN__DUPLICATE_METHOD_MATCH = YES;
				CODE_SIGN_IDENTITY = "iPhone Developer";
				COPY_PHASE_STRIP = NO;
				DEBUG_INFORMATION_FORMAT = "dwarf-with-dsym";
				ENABLE_NS_ASSERTIONS = NO;
				ENABLE_STRICT_OBJC_MSGSEND = YES;
				GCC_C_LANGUAGE_STANDARD = gnu11;
				GCC_NO_COMMON_BLOCKS = YES;
				GCC_WARN_64_TO_32_BIT_CONVERSION = YES;
				GCC_WARN_ABOUT_RETURN_TYPE = YES_ERROR;
				GCC_WARN_UNDECLARED_SELECTOR = YES;
				GCC_WARN_UNINITIALIZED_AUTOS = YES_AGGRESSIVE;
				GCC_WARN_UNUSED_FUNCTION = YES;
				GCC_WARN_UNUSED_VARIABLE = YES;
				IPHONEOS_DEPLOYMENT_TARGET = 11.2;
				MTL_ENABLE_DEBUG_INFO = NO;
				SDKROOT = iphoneos;
				SWIFT_OPTIMIZATION_LEVEL = "-Owholemodule";
				VALIDATE_PRODUCT = YES;
			};
			name = Release;
		};
		7A07FB201FD81C7600696ED1 /* Debug */ = {
			isa = XCBuildConfiguration;
			baseConfigurationReference = D28D73957BCA90867E0040A8 /* Pods-WeatherApp.debug.xcconfig */;
			buildSettings = {
				ASSETCATALOG_COMPILER_APPICON_NAME = AppIcon;
				CODE_SIGN_STYLE = Automatic;
				DEVELOPMENT_TEAM = C3UQE69H56;
				INFOPLIST_FILE = WeatherApp/Info.plist;
				LD_RUNPATH_SEARCH_PATHS = "$(inherited) @executable_path/Frameworks";
				PRODUCT_BUNDLE_IDENTIFIER = com.emmaklint.WeatherApp;
				PRODUCT_NAME = "$(TARGET_NAME)";
				SWIFT_VERSION = 4.0;
				TARGETED_DEVICE_FAMILY = "1,2";
			};
			name = Debug;
		};
		7A07FB211FD81C7600696ED1 /* Release */ = {
			isa = XCBuildConfiguration;
			baseConfigurationReference = A6F4055EDEDDB07CB7E5FC8F /* Pods-WeatherApp.release.xcconfig */;
			buildSettings = {
				ASSETCATALOG_COMPILER_APPICON_NAME = AppIcon;
				CODE_SIGN_STYLE = Automatic;
				DEVELOPMENT_TEAM = C3UQE69H56;
				INFOPLIST_FILE = WeatherApp/Info.plist;
				LD_RUNPATH_SEARCH_PATHS = "$(inherited) @executable_path/Frameworks";
				PRODUCT_BUNDLE_IDENTIFIER = com.emmaklint.WeatherApp;
				PRODUCT_NAME = "$(TARGET_NAME)";
				SWIFT_VERSION = 4.0;
				TARGETED_DEVICE_FAMILY = "1,2";
			};
			name = Release;
		};
/* End XCBuildConfiguration section */

/* Begin XCConfigurationList section */
		7A07FB081FD81C7600696ED1 /* Build configuration list for PBXProject "WeatherApp" */ = {
			isa = XCConfigurationList;
			buildConfigurations = (
				7A07FB1D1FD81C7600696ED1 /* Debug */,
				7A07FB1E1FD81C7600696ED1 /* Release */,
			);
			defaultConfigurationIsVisible = 0;
			defaultConfigurationName = Release;
		};
		7A07FB1F1FD81C7600696ED1 /* Build configuration list for PBXNativeTarget "WeatherApp" */ = {
			isa = XCConfigurationList;
			buildConfigurations = (
				7A07FB201FD81C7600696ED1 /* Debug */,
				7A07FB211FD81C7600696ED1 /* Release */,
			);
			defaultConfigurationIsVisible = 0;
			defaultConfigurationName = Release;
		};
/* End XCConfigurationList section */
	};
	rootObject = 7A07FB051FD81C7600696ED1 /* Project object */;
}
